PODS:
  - R.swift (6.1.0):
    - R.swift.Library (~> 5.3.0)
  - R.swift.Library (5.3.0)
  - SwiftProtobuf (1.19.0)

DEPENDENCIES:
  - R.swift
  - SwiftProtobuf

SPEC REPOS:
  trunk:
    - R.swift
    - R.swift.Library
    - SwiftProtobuf

SPEC CHECKSUMS:
  R.swift: ec98ff71c4ab2f6fd01dd077e5afd15e63a4834c
  R.swift.Library: 0fc583cb55a99e28901299cc451614cad1161962
  SwiftProtobuf: 6ef3f0e422ef90d6605ca20b21a94f6c1324d6b3

PODFILE CHECKSUM: f510a48e45b7d077614bd0717ec98bb523f6d211

COCOAPODS: 1.11.3
